github.com/dustinkirkland/golang-petname v0.0.0-20191129215211-8e5a1ed0cff0 h1:90Ly+6UfUypEF6vvvW5rQIv9opIL8CbmW9FT20LDQoY=
github.com/dustinkirkland/golang-petname v0.0.0-20191129215211-8e5a1ed0cff0/go.mod h1:V+Qd57rJe8gd4eiGzZyg4h54VLHmYVVw54iMnlAMrF8=
github.com/sethvargo/go-diceware v0.3.0 h1:UVVEfmN/uF50JfWAN7nbY6CiAlp5xeSx+5U0lWKkMCQ=
github.com/sethvargo/go-diceware v0.3.0/go.mod h1:lH5Q/oSPMivseNdhMERAC7Ti5oOPqsaVddU1BcN1CY0=
github.com/tjarratt/babble v0.0.0-20210505082055-cbca2a4833c1 h1:j8whCiEmvLCXI3scVn+YnklCU8mwJ9ZJ4/DGAKqQbRE=
github.com/tjarratt/babble v0.0.0-20210505082055-cbca2a4833c1/go.mod h1:O5hBrCGqzfb+8WyY8ico2AyQau7XQwAfEQeEQ5/5V9E=
